
Microsoft Visual Studio Solution File, Format Version 12.00
# Visual Studio 2012
Project("{FAE04EC0-301F-11D3-BF4B-00C04F79EFBC}") = "PROJECT_ANAHERA", "PROJECT_ANAHERA\PROJECT_ANAHERA.csproj", "{8E45793B-819B-4E04-910D-B7F4DF30B53D}"
EndProject
Global
	GlobalSection(SolutionConfigurationPlatforms) = preSolution
		Debug|Any CPU = Debug|Any CPU
		Release|Any CPU = Release|Any CPU
	EndGlobalSection
	GlobalSection(ProjectConfigurationPlatforms) = postSolution
		{8E45793B-819B-4E04-910D-B7F4DF30B53D}.Debug|Any CPU.ActiveCfg = Debug|Any CPU
		{8E45793B-819B-4E04-910D-B7F4DF30B53D}.Debug|Any CPU.Build.0 = Debug|Any CPU
		{8E45793B-819B-4E04-910D-B7F4DF30B53D}.Release|Any CPU.ActiveCfg = Release|Any CPU
		{8E45793B-819B-4E04-910D-B7F4DF30B53D}.Release|Any CPU.Build.0 = Release|Any CPU
	EndGlobalSection
	GlobalSection(SolutionProperties) = preSolution
		HideSolutionNode = FALSE
	EndGlobalSection
EndGlobal
